{
    "version": 3,
    "terraform_version": "0.11.10",
    "serial": 2,
    "lineage": "0976ad80-265b-b7ec-b1b1-79c332621f31",
    "modules": [
        {
            "path": [
                "root"
            ],
            "outputs": {},
            "resources": {
                "azurerm_network_security_group.nic_ubuntu": {
                    "type": "azurerm_network_security_group",
                    "depends_on": [
                        "azurerm_resource_group.nsgs"
                    ],
                    "primary": {
                        "id": "/subscriptions/36677b05-f2f8-4e32-9f48-9d89319c964c/resourceGroups/NSGs/providers/Microsoft.Network/networkSecurityGroups/NIC_Ubuntu",
                        "attributes": {
                            "id": "/subscriptions/36677b05-f2f8-4e32-9f48-9d89319c964c/resourceGroups/NSGs/providers/Microsoft.Network/networkSecurityGroups/NIC_Ubuntu",
                            "location": "westeurope",
                            "name": "NIC_Ubuntu",
                            "resource_group_name": "NSGs",
                            "security_rule.#": "2",
                            "security_rule.1729925642.access": "Allow",
                            "security_rule.1729925642.description": "",
                            "security_rule.1729925642.destination_address_prefix": "*",
                            "security_rule.1729925642.destination_address_prefixes.#": "0",
                            "security_rule.1729925642.destination_application_security_group_ids.#": "0",
                            "security_rule.1729925642.destination_port_range": "22",
                            "security_rule.1729925642.destination_port_ranges.#": "0",
                            "security_rule.1729925642.direction": "Inbound",
                            "security_rule.1729925642.name": "SSH",
                            "security_rule.1729925642.priority": "100",
                            "security_rule.1729925642.protocol": "Tcp",
                            "security_rule.1729925642.source_address_prefix": "*",
                            "security_rule.1729925642.source_address_prefixes.#": "0",
                            "security_rule.1729925642.source_application_security_group_ids.#": "0",
                            "security_rule.1729925642.source_port_range": "*",
                            "security_rule.1729925642.source_port_ranges.#": "0",
                            "security_rule.3384923879.access": "Allow",
                            "security_rule.3384923879.description": "",
                            "security_rule.3384923879.destination_address_prefix": "*",
                            "security_rule.3384923879.destination_address_prefixes.#": "0",
                            "security_rule.3384923879.destination_application_security_group_ids.#": "0",
                            "security_rule.3384923879.destination_port_range": "443",
                            "security_rule.3384923879.destination_port_ranges.#": "0",
                            "security_rule.3384923879.direction": "Inbound",
                            "security_rule.3384923879.name": "HTTPS",
                            "security_rule.3384923879.priority": "110",
                            "security_rule.3384923879.protocol": "Tcp",
                            "security_rule.3384923879.source_address_prefix": "*",
                            "security_rule.3384923879.source_address_prefixes.#": "0",
                            "security_rule.3384923879.source_application_security_group_ids.#": "0",
                            "security_rule.3384923879.source_port_range": "*",
                            "security_rule.3384923879.source_port_ranges.#": "0",
                            "tags.%": "2",
                            "tags.env": "training",
                            "tags.source": "citadel"
                        },
                        "meta": {},
                        "tainted": false
                    },
                    "deposed": [],
                    "provider": "provider.azurerm"
                },
                "azurerm_network_security_group.resource_group_default": {
                    "type": "azurerm_network_security_group",
                    "depends_on": [
                        "azurerm_resource_group.nsgs"
                    ],
                    "primary": {
                        "id": "/subscriptions/36677b05-f2f8-4e32-9f48-9d89319c964c/resourceGroups/NSGs/providers/Microsoft.Network/networkSecurityGroups/ResourceGroupDefault",
                        "attributes": {
                            "id": "/subscriptions/36677b05-f2f8-4e32-9f48-9d89319c964c/resourceGroups/NSGs/providers/Microsoft.Network/networkSecurityGroups/ResourceGroupDefault",
                            "location": "westeurope",
                            "name": "ResourceGroupDefault",
                            "resource_group_name": "NSGs",
                            "security_rule.#": "0",
                            "tags.%": "2",
                            "tags.env": "training",
                            "tags.source": "citadel"
                        },
                        "meta": {},
                        "tainted": false
                    },
                    "deposed": [],
                    "provider": "provider.azurerm"
                },
                "azurerm_network_security_rule.AllowHTTP": {
                    "type": "azurerm_network_security_rule",
                    "depends_on": [
                        "azurerm_network_security_group.resource_group_default",
                        "azurerm_resource_group.nsgs"
                    ],
                    "primary": {
                        "id": "/subscriptions/36677b05-f2f8-4e32-9f48-9d89319c964c/resourceGroups/NSGs/providers/Microsoft.Network/networkSecurityGroups/ResourceGroupDefault/securityRules/AllowHTTP",
                        "attributes": {
                            "access": "Allow",
                            "description": "",
                            "destination_address_prefix": "*",
                            "destination_address_prefixes.#": "0",
                            "destination_port_range": "80",
                            "destination_port_ranges.#": "0",
                            "direction": "Inbound",
                            "id": "/subscriptions/36677b05-f2f8-4e32-9f48-9d89319c964c/resourceGroups/NSGs/providers/Microsoft.Network/networkSecurityGroups/ResourceGroupDefault/securityRules/AllowHTTP",
                            "name": "AllowHTTP",
                            "network_security_group_name": "ResourceGroupDefault",
                            "priority": "1020",
                            "protocol": "Tcp",
                            "resource_group_name": "NSGs",
                            "source_address_prefix": "*",
                            "source_address_prefixes.#": "0",
                            "source_port_range": "*",
                            "source_port_ranges.#": "0"
                        },
                        "meta": {},
                        "tainted": false
                    },
                    "deposed": [],
                    "provider": "provider.azurerm"
                },
                "azurerm_network_security_rule.AllowHTTPS": {
                    "type": "azurerm_network_security_rule",
                    "depends_on": [
                        "azurerm_network_security_group.resource_group_default",
                        "azurerm_resource_group.nsgs"
                    ],
                    "primary": {
                        "id": "/subscriptions/36677b05-f2f8-4e32-9f48-9d89319c964c/resourceGroups/NSGs/providers/Microsoft.Network/networkSecurityGroups/ResourceGroupDefault/securityRules/AllowHTTPS",
                        "attributes": {
                            "access": "Allow",
                            "description": "",
                            "destination_address_prefix": "*",
                            "destination_address_prefixes.#": "0",
                            "destination_port_range": "443",
                            "destination_port_ranges.#": "0",
                            "direction": "Inbound",
                            "id": "/subscriptions/36677b05-f2f8-4e32-9f48-9d89319c964c/resourceGroups/NSGs/providers/Microsoft.Network/networkSecurityGroups/ResourceGroupDefault/securityRules/AllowHTTPS",
                            "name": "AllowHTTPS",
                            "network_security_group_name": "ResourceGroupDefault",
                            "priority": "1021",
                            "protocol": "Tcp",
                            "resource_group_name": "NSGs",
                            "source_address_prefix": "*",
                            "source_address_prefixes.#": "0",
                            "source_port_range": "*",
                            "source_port_ranges.#": "0"
                        },
                        "meta": {},
                        "tainted": false
                    },
                    "deposed": [],
                    "provider": "provider.azurerm"
                },
                "azurerm_network_security_rule.AllowSQLServer": {
                    "type": "azurerm_network_security_rule",
                    "depends_on": [
                        "azurerm_network_security_group.resource_group_default",
                        "azurerm_resource_group.nsgs"
                    ],
                    "primary": {
                        "id": "/subscriptions/36677b05-f2f8-4e32-9f48-9d89319c964c/resourceGroups/NSGs/providers/Microsoft.Network/networkSecurityGroups/ResourceGroupDefault/securityRules/AllowSQLServer",
                        "attributes": {
                            "access": "Allow",
                            "description": "",
                            "destination_address_prefix": "*",
                            "destination_address_prefixes.#": "0",
                            "destination_port_range": "1443",
                            "destination_port_ranges.#": "0",
                            "direction": "Inbound",
                            "id": "/subscriptions/36677b05-f2f8-4e32-9f48-9d89319c964c/resourceGroups/NSGs/providers/Microsoft.Network/networkSecurityGroups/ResourceGroupDefault/securityRules/AllowSQLServer",
                            "name": "AllowSQLServer",
                            "network_security_group_name": "ResourceGroupDefault",
                            "priority": "1030",
                            "protocol": "Tcp",
                            "resource_group_name": "NSGs",
                            "source_address_prefix": "*",
                            "source_address_prefixes.#": "0",
                            "source_port_range": "*",
                            "source_port_ranges.#": "0"
                        },
                        "meta": {},
                        "tainted": false
                    },
                    "deposed": [],
                    "provider": "provider.azurerm"
                },
                "azurerm_network_security_rule.AllowSSH": {
                    "type": "azurerm_network_security_rule",
                    "depends_on": [
                        "azurerm_network_security_group.resource_group_default",
                        "azurerm_resource_group.nsgs"
                    ],
                    "primary": {
                        "id": "/subscriptions/36677b05-f2f8-4e32-9f48-9d89319c964c/resourceGroups/NSGs/providers/Microsoft.Network/networkSecurityGroups/ResourceGroupDefault/securityRules/AllowSSH",
                        "attributes": {
                            "access": "Allow",
                            "description": "",
                            "destination_address_prefix": "*",
                            "destination_address_prefixes.#": "0",
                            "destination_port_range": "22",
                            "destination_port_ranges.#": "0",
                            "direction": "Inbound",
                            "id": "/subscriptions/36677b05-f2f8-4e32-9f48-9d89319c964c/resourceGroups/NSGs/providers/Microsoft.Network/networkSecurityGroups/ResourceGroupDefault/securityRules/AllowSSH",
                            "name": "AllowSSH",
                            "network_security_group_name": "ResourceGroupDefault",
                            "priority": "1010",
                            "protocol": "Tcp",
                            "resource_group_name": "NSGs",
                            "source_address_prefix": "*",
                            "source_address_prefixes.#": "0",
                            "source_port_range": "*",
                            "source_port_ranges.#": "0"
                        },
                        "meta": {},
                        "tainted": false
                    },
                    "deposed": [],
                    "provider": "provider.azurerm"
                },
                "azurerm_resource_group.nsgs": {
                    "type": "azurerm_resource_group",
                    "depends_on": [],
                    "primary": {
                        "id": "/subscriptions/36677b05-f2f8-4e32-9f48-9d89319c964c/resourceGroups/NSGs",
                        "attributes": {
                            "id": "/subscriptions/36677b05-f2f8-4e32-9f48-9d89319c964c/resourceGroups/NSGs",
                            "location": "westeurope",
                            "name": "NSGs",
                            "tags.%": "2",
                            "tags.env": "training",
                            "tags.source": "citadel"
                        },
                        "meta": {},
                        "tainted": false
                    },
                    "deposed": [],
                    "provider": "provider.azurerm"
                }
            },
            "depends_on": []
        }
    ]
}
