{
    "version": 3,
    "terraform_version": "0.11.10",
    "serial": 3,
    "lineage": "0976ad80-265b-b7ec-b1b1-79c332621f31",
    "modules": [
        {
            "path": [
                "root"
            ],
            "outputs": {},
            "resources": {
                "azurerm_network_security_group.nic_ubuntu": {
                    "type": "azurerm_network_security_group",
                    "depends_on": [
                        "azurerm_resource_group.nsgs"
                    ],
                    "primary": {
                        "id": "/subscriptions/36677b05-f2f8-4e32-9f48-9d89319c964c/resourceGroups/NSGs/providers/Microsoft.Network/networkSecurityGroups/NIC_Ubuntu",
                        "attributes": {
                            "id": "/subscriptions/36677b05-f2f8-4e32-9f48-9d89319c964c/resourceGroups/NSGs/providers/Microsoft.Network/networkSecurityGroups/NIC_Ubuntu",
                            "location": "westeurope",
                            "name": "NIC_Ubuntu",
                            "resource_group_name": "NSGs",
                            "security_rule.#": "2",
                            "security_rule.1729925642.access": "Allow",
                            "security_rule.1729925642.description": "",
                            "security_rule.1729925642.destination_address_prefix": "*",
                            "security_rule.1729925642.destination_address_prefixes.#": "0",
                            "security_rule.1729925642.destination_application_security_group_ids.#": "0",
                            "security_rule.1729925642.destination_port_range": "22",
                            "security_rule.1729925642.destination_port_ranges.#": "0",
                            "security_rule.1729925642.direction": "Inbound",
                            "security_rule.1729925642.name": "SSH",
                            "security_rule.1729925642.priority": "100",
                            "security_rule.1729925642.protocol": "Tcp",
                            "security_rule.1729925642.source_address_prefix": "*",
                            "security_rule.1729925642.source_address_prefixes.#": "0",
                            "security_rule.1729925642.source_application_security_group_ids.#": "0",
                            "security_rule.1729925642.source_port_range": "*",
                            "security_rule.1729925642.source_port_ranges.#": "0",
                            "security_rule.3384923879.access": "Allow",
                            "security_rule.3384923879.description": "",
                            "security_rule.3384923879.destination_address_prefix": "*",
                            "security_rule.3384923879.destination_address_prefixes.#": "0",
                            "security_rule.3384923879.destination_application_security_group_ids.#": "0",
                            "security_rule.3384923879.destination_port_range": "443",
                            "security_rule.3384923879.destination_port_ranges.#": "0",
                            "security_rule.3384923879.direction": "Inbound",
                            "security_rule.3384923879.name": "HTTPS",
                            "security_rule.3384923879.priority": "110",
                            "security_rule.3384923879.protocol": "Tcp",
                            "security_rule.3384923879.source_address_prefix": "*",
                            "security_rule.3384923879.source_address_prefixes.#": "0",
                            "security_rule.3384923879.source_application_security_group_ids.#": "0",
                            "security_rule.3384923879.source_port_range": "*",
                            "security_rule.3384923879.source_port_ranges.#": "0",
                            "tags.%": "2",
                            "tags.env": "training",
                            "tags.source": "citadel"
                        },
                        "meta": {},
                        "tainted": false
                    },
                    "deposed": [],
                    "provider": "provider.azurerm"
                },
                "azurerm_network_security_group.nic_windows": {
                    "type": "azurerm_network_security_group",
                    "depends_on": [
                        "azurerm_resource_group.nsgs"
                    ],
                    "primary": {
                        "id": "/subscriptions/36677b05-f2f8-4e32-9f48-9d89319c964c/resourceGroups/NSGs/providers/Microsoft.Network/networkSecurityGroups/NIC_Windows",
                        "attributes": {
                            "id": "/subscriptions/36677b05-f2f8-4e32-9f48-9d89319c964c/resourceGroups/NSGs/providers/Microsoft.Network/networkSecurityGroups/NIC_Windows",
                            "location": "westeurope",
                            "name": "NIC_Windows",
                            "resource_group_name": "NSGs",
                            "security_rule.#": "1",
                            "security_rule.1754140918.access": "Allow",
                            "security_rule.1754140918.description": "",
                            "security_rule.1754140918.destination_address_prefix": "*",
                            "security_rule.1754140918.destination_address_prefixes.#": "0",
                            "security_rule.1754140918.destination_application_security_group_ids.#": "0",
                            "security_rule.1754140918.destination_port_range": "3389",
                            "security_rule.1754140918.destination_port_ranges.#": "0",
                            "security_rule.1754140918.direction": "Inbound",
                            "security_rule.1754140918.name": "RDP",
                            "security_rule.1754140918.priority": "100",
                            "security_rule.1754140918.protocol": "Tcp",
                            "security_rule.1754140918.source_address_prefix": "*",
                            "security_rule.1754140918.source_address_prefixes.#": "0",
                            "security_rule.1754140918.source_application_security_group_ids.#": "0",
                            "security_rule.1754140918.source_port_range": "*",
                            "security_rule.1754140918.source_port_ranges.#": "0",
                            "tags.%": "2",
                            "tags.env": "training",
                            "tags.source": "citadel"
                        },
                        "meta": {},
                        "tainted": false
                    },
                    "deposed": [],
                    "provider": "provider.azurerm"
                },
                "azurerm_network_security_group.resource_group_default": {
                    "type": "azurerm_network_security_group",
                    "depends_on": [
                        "azurerm_resource_group.nsgs"
                    ],
                    "primary": {
                        "id": "/subscriptions/36677b05-f2f8-4e32-9f48-9d89319c964c/resourceGroups/NSGs/providers/Microsoft.Network/networkSecurityGroups/ResourceGroupDefault",
                        "attributes": {
                            "id": "/subscriptions/36677b05-f2f8-4e32-9f48-9d89319c964c/resourceGroups/NSGs/providers/Microsoft.Network/networkSecurityGroups/ResourceGroupDefault",
                            "location": "westeurope",
                            "name": "ResourceGroupDefault",
                            "resource_group_name": "NSGs",
                            "security_rule.#": "4",
                            "security_rule.1086133882.access": "Allow",
                            "security_rule.1086133882.description": "",
                            "security_rule.1086133882.destination_address_prefix": "*",
                            "security_rule.1086133882.destination_address_prefixes.#": "0",
                            "security_rule.1086133882.destination_application_security_group_ids.#": "0",
                            "security_rule.1086133882.destination_port_range": "80",
                            "security_rule.1086133882.destination_port_ranges.#": "0",
                            "security_rule.1086133882.direction": "Inbound",
                            "security_rule.1086133882.name": "AllowHTTP",
                            "security_rule.1086133882.priority": "1020",
                            "security_rule.1086133882.protocol": "Tcp",
                            "security_rule.1086133882.source_address_prefix": "*",
                            "security_rule.1086133882.source_address_prefixes.#": "0",
                            "security_rule.1086133882.source_application_security_group_ids.#": "0",
                            "security_rule.1086133882.source_port_range": "*",
                            "security_rule.1086133882.source_port_ranges.#": "0",
                            "security_rule.128904666.access": "Allow",
                            "security_rule.128904666.description": "",
                            "security_rule.128904666.destination_address_prefix": "*",
                            "security_rule.128904666.destination_address_prefixes.#": "0",
                            "security_rule.128904666.destination_application_security_group_ids.#": "0",
                            "security_rule.128904666.destination_port_range": "1443",
                            "security_rule.128904666.destination_port_ranges.#": "0",
                            "security_rule.128904666.direction": "Inbound",
                            "security_rule.128904666.name": "AllowSQLServer",
                            "security_rule.128904666.priority": "1030",
                            "security_rule.128904666.protocol": "Tcp",
                            "security_rule.128904666.source_address_prefix": "*",
                            "security_rule.128904666.source_address_prefixes.#": "0",
                            "security_rule.128904666.source_application_security_group_ids.#": "0",
                            "security_rule.128904666.source_port_range": "*",
                            "security_rule.128904666.source_port_ranges.#": "0",
                            "security_rule.3143914032.access": "Allow",
                            "security_rule.3143914032.description": "",
                            "security_rule.3143914032.destination_address_prefix": "*",
                            "security_rule.3143914032.destination_address_prefixes.#": "0",
                            "security_rule.3143914032.destination_application_security_group_ids.#": "0",
                            "security_rule.3143914032.destination_port_range": "22",
                            "security_rule.3143914032.destination_port_ranges.#": "0",
                            "security_rule.3143914032.direction": "Inbound",
                            "security_rule.3143914032.name": "AllowSSH",
                            "security_rule.3143914032.priority": "1010",
                            "security_rule.3143914032.protocol": "Tcp",
                            "security_rule.3143914032.source_address_prefix": "*",
                            "security_rule.3143914032.source_address_prefixes.#": "0",
                            "security_rule.3143914032.source_application_security_group_ids.#": "0",
                            "security_rule.3143914032.source_port_range": "*",
                            "security_rule.3143914032.source_port_ranges.#": "0",
                            "security_rule.3356894320.access": "Allow",
                            "security_rule.3356894320.description": "",
                            "security_rule.3356894320.destination_address_prefix": "*",
                            "security_rule.3356894320.destination_address_prefixes.#": "0",
                            "security_rule.3356894320.destination_application_security_group_ids.#": "0",
                            "security_rule.3356894320.destination_port_range": "443",
                            "security_rule.3356894320.destination_port_ranges.#": "0",
                            "security_rule.3356894320.direction": "Inbound",
                            "security_rule.3356894320.name": "AllowHTTPS",
                            "security_rule.3356894320.priority": "1021",
                            "security_rule.3356894320.protocol": "Tcp",
                            "security_rule.3356894320.source_address_prefix": "*",
                            "security_rule.3356894320.source_address_prefixes.#": "0",
                            "security_rule.3356894320.source_application_security_group_ids.#": "0",
                            "security_rule.3356894320.source_port_range": "*",
                            "security_rule.3356894320.source_port_ranges.#": "0",
                            "tags.%": "2",
                            "tags.env": "training",
                            "tags.source": "citadel"
                        },
                        "meta": {},
                        "tainted": false
                    },
                    "deposed": [],
                    "provider": "provider.azurerm"
                },
                "azurerm_network_security_rule.AllowHTTP": {
                    "type": "azurerm_network_security_rule",
                    "depends_on": [
                        "azurerm_network_security_group.resource_group_default",
                        "azurerm_resource_group.nsgs"
                    ],
                    "primary": {
                        "id": "/subscriptions/36677b05-f2f8-4e32-9f48-9d89319c964c/resourceGroups/NSGs/providers/Microsoft.Network/networkSecurityGroups/ResourceGroupDefault/securityRules/AllowHTTP",
                        "attributes": {
                            "access": "Allow",
                            "description": "",
                            "destination_address_prefix": "*",
                            "destination_address_prefixes.#": "0",
                            "destination_port_range": "80",
                            "destination_port_ranges.#": "0",
                            "direction": "Inbound",
                            "id": "/subscriptions/36677b05-f2f8-4e32-9f48-9d89319c964c/resourceGroups/NSGs/providers/Microsoft.Network/networkSecurityGroups/ResourceGroupDefault/securityRules/AllowHTTP",
                            "name": "AllowHTTP",
                            "network_security_group_name": "ResourceGroupDefault",
                            "priority": "1020",
                            "protocol": "Tcp",
                            "resource_group_name": "NSGs",
                            "source_address_prefix": "*",
                            "source_address_prefixes.#": "0",
                            "source_port_range": "*",
                            "source_port_ranges.#": "0"
                        },
                        "meta": {},
                        "tainted": false
                    },
                    "deposed": [],
                    "provider": "provider.azurerm"
                },
                "azurerm_network_security_rule.AllowHTTPS": {
                    "type": "azurerm_network_security_rule",
                    "depends_on": [
                        "azurerm_network_security_group.resource_group_default",
                        "azurerm_resource_group.nsgs"
                    ],
                    "primary": {
                        "id": "/subscriptions/36677b05-f2f8-4e32-9f48-9d89319c964c/resourceGroups/NSGs/providers/Microsoft.Network/networkSecurityGroups/ResourceGroupDefault/securityRules/AllowHTTPS",
                        "attributes": {
                            "access": "Allow",
                            "description": "",
                            "destination_address_prefix": "*",
                            "destination_address_prefixes.#": "0",
                            "destination_port_range": "443",
                            "destination_port_ranges.#": "0",
                            "direction": "Inbound",
                            "id": "/subscriptions/36677b05-f2f8-4e32-9f48-9d89319c964c/resourceGroups/NSGs/providers/Microsoft.Network/networkSecurityGroups/ResourceGroupDefault/securityRules/AllowHTTPS",
                            "name": "AllowHTTPS",
                            "network_security_group_name": "ResourceGroupDefault",
                            "priority": "1021",
                            "protocol": "Tcp",
                            "resource_group_name": "NSGs",
                            "source_address_prefix": "*",
                            "source_address_prefixes.#": "0",
                            "source_port_range": "*",
                            "source_port_ranges.#": "0"
                        },
                        "meta": {},
                        "tainted": false
                    },
                    "deposed": [],
                    "provider": "provider.azurerm"
                },
                "azurerm_network_security_rule.AllowRDP": {
                    "type": "azurerm_network_security_rule",
                    "depends_on": [
                        "azurerm_network_security_group.resource_group_default",
                        "azurerm_resource_group.nsgs"
                    ],
                    "primary": {
                        "id": "/subscriptions/36677b05-f2f8-4e32-9f48-9d89319c964c/resourceGroups/NSGs/providers/Microsoft.Network/networkSecurityGroups/ResourceGroupDefault/securityRules/AllowRDP",
                        "attributes": {
                            "access": "Allow",
                            "description": "",
                            "destination_address_prefix": "*",
                            "destination_address_prefixes.#": "0",
                            "destination_port_range": "3389",
                            "destination_port_ranges.#": "0",
                            "direction": "Inbound",
                            "id": "/subscriptions/36677b05-f2f8-4e32-9f48-9d89319c964c/resourceGroups/NSGs/providers/Microsoft.Network/networkSecurityGroups/ResourceGroupDefault/securityRules/AllowRDP",
                            "name": "AllowRDP",
                            "network_security_group_name": "ResourceGroupDefault",
                            "priority": "1040",
                            "protocol": "Tcp",
                            "resource_group_name": "NSGs",
                            "source_address_prefix": "*",
                            "source_address_prefixes.#": "0",
                            "source_port_range": "*",
                            "source_port_ranges.#": "0"
                        },
                        "meta": {},
                        "tainted": false
                    },
                    "deposed": [],
                    "provider": "provider.azurerm"
                },
                "azurerm_network_security_rule.AllowSQLServer": {
                    "type": "azurerm_network_security_rule",
                    "depends_on": [
                        "azurerm_network_security_group.resource_group_default",
                        "azurerm_resource_group.nsgs"
                    ],
                    "primary": {
                        "id": "/subscriptions/36677b05-f2f8-4e32-9f48-9d89319c964c/resourceGroups/NSGs/providers/Microsoft.Network/networkSecurityGroups/ResourceGroupDefault/securityRules/AllowSQLServer",
                        "attributes": {
                            "access": "Allow",
                            "description": "",
                            "destination_address_prefix": "*",
                            "destination_address_prefixes.#": "0",
                            "destination_port_range": "1443",
                            "destination_port_ranges.#": "0",
                            "direction": "Inbound",
                            "id": "/subscriptions/36677b05-f2f8-4e32-9f48-9d89319c964c/resourceGroups/NSGs/providers/Microsoft.Network/networkSecurityGroups/ResourceGroupDefault/securityRules/AllowSQLServer",
                            "name": "AllowSQLServer",
                            "network_security_group_name": "ResourceGroupDefault",
                            "priority": "1030",
                            "protocol": "Tcp",
                            "resource_group_name": "NSGs",
                            "source_address_prefix": "*",
                            "source_address_prefixes.#": "0",
                            "source_port_range": "*",
                            "source_port_ranges.#": "0"
                        },
                        "meta": {},
                        "tainted": false
                    },
                    "deposed": [],
                    "provider": "provider.azurerm"
                },
                "azurerm_network_security_rule.AllowSSH": {
                    "type": "azurerm_network_security_rule",
                    "depends_on": [
                        "azurerm_network_security_group.resource_group_default",
                        "azurerm_resource_group.nsgs"
                    ],
                    "primary": {
                        "id": "/subscriptions/36677b05-f2f8-4e32-9f48-9d89319c964c/resourceGroups/NSGs/providers/Microsoft.Network/networkSecurityGroups/ResourceGroupDefault/securityRules/AllowSSH",
                        "attributes": {
                            "access": "Allow",
                            "description": "",
                            "destination_address_prefix": "*",
                            "destination_address_prefixes.#": "0",
                            "destination_port_range": "22",
                            "destination_port_ranges.#": "0",
                            "direction": "Inbound",
                            "id": "/subscriptions/36677b05-f2f8-4e32-9f48-9d89319c964c/resourceGroups/NSGs/providers/Microsoft.Network/networkSecurityGroups/ResourceGroupDefault/securityRules/AllowSSH",
                            "name": "AllowSSH",
                            "network_security_group_name": "ResourceGroupDefault",
                            "priority": "1010",
                            "protocol": "Tcp",
                            "resource_group_name": "NSGs",
                            "source_address_prefix": "*",
                            "source_address_prefixes.#": "0",
                            "source_port_range": "*",
                            "source_port_ranges.#": "0"
                        },
                        "meta": {},
                        "tainted": false
                    },
                    "deposed": [],
                    "provider": "provider.azurerm"
                },
                "azurerm_resource_group.nsgs": {
                    "type": "azurerm_resource_group",
                    "depends_on": [],
                    "primary": {
                        "id": "/subscriptions/36677b05-f2f8-4e32-9f48-9d89319c964c/resourceGroups/NSGs",
                        "attributes": {
                            "id": "/subscriptions/36677b05-f2f8-4e32-9f48-9d89319c964c/resourceGroups/NSGs",
                            "location": "westeurope",
                            "name": "NSGs",
                            "tags.%": "2",
                            "tags.env": "training",
                            "tags.source": "citadel"
                        },
                        "meta": {},
                        "tainted": false
                    },
                    "deposed": [],
                    "provider": "provider.azurerm"
                }
            },
            "depends_on": []
        }
    ]
}
